
Microsoft Visual Studio Solution File, Format Version 12.00
# Visual Studio Version 16
VisualStudioVersion = 16.0.31729.503
MinimumVisualStudioVersion = 10.0.40219.1
Project("{FAE04EC0-301F-11D3-BF4B-00C04F79EFBC}") = "LoggingService", "LoggingService.csproj", "{5F518BD1-A814-4C75-A60D-DFAD4970C84E}"
EndProject
Global
	GlobalSection(SolutionConfigurationPlatforms) = preSolution
		Debug|Any CPU = Debug|Any CPU
		Release|Any CPU = Release|Any CPU
	EndGlobalSection
	GlobalSection(ProjectConfigurationPlatforms) = postSolution
		{5F518BD1-A814-4C75-A60D-DFAD4970C84E}.Debug|Any CPU.ActiveCfg = Debug|Any CPU
		{5F518BD1-A814-4C75-A60D-DFAD4970C84E}.Debug|Any CPU.Build.0 = Debug|Any CPU
		{5F518BD1-A814-4C75-A60D-DFAD4970C84E}.Release|Any CPU.ActiveCfg = Release|Any CPU
		{5F518BD1-A814-4C75-A60D-DFAD4970C84E}.Release|Any CPU.Build.0 = Release|Any CPU
	EndGlobalSection
	GlobalSection(SolutionProperties) = preSolution
		HideSolutionNode = FALSE
	EndGlobalSection
	GlobalSection(ExtensibilityGlobals) = postSolution
		SolutionGuid = {2F37B90C-8368-4225-AB9F-DF5F96B9BFA7}
	EndGlobalSection
EndGlobal
