
Microsoft Visual Studio Solution File, Format Version 12.00
# Visual Studio Version 16
VisualStudioVersion = 16.0.31729.503
MinimumVisualStudioVersion = 10.0.40219.1
Project("{FAE04EC0-301F-11D3-BF4B-00C04F79EFBC}") = "LoggingService", "LoggingService.csproj", "{34B1D686-5D53-4125-9AF2-07F9310C9DCB}"
EndProject
Global
	GlobalSection(SolutionConfigurationPlatforms) = preSolution
		Debug|Any CPU = Debug|Any CPU
		Release|Any CPU = Release|Any CPU
	EndGlobalSection
	GlobalSection(ProjectConfigurationPlatforms) = postSolution
		{34B1D686-5D53-4125-9AF2-07F9310C9DCB}.Debug|Any CPU.ActiveCfg = Debug|Any CPU
		{34B1D686-5D53-4125-9AF2-07F9310C9DCB}.Debug|Any CPU.Build.0 = Debug|Any CPU
		{34B1D686-5D53-4125-9AF2-07F9310C9DCB}.Release|Any CPU.ActiveCfg = Release|Any CPU
		{34B1D686-5D53-4125-9AF2-07F9310C9DCB}.Release|Any CPU.Build.0 = Release|Any CPU
	EndGlobalSection
	GlobalSection(SolutionProperties) = preSolution
		HideSolutionNode = FALSE
	EndGlobalSection
	GlobalSection(ExtensibilityGlobals) = postSolution
		SolutionGuid = {12211FEE-46F6-4F49-93A1-496A8BF0C119}
	EndGlobalSection
EndGlobal
